
Microsoft Visual Studio Solution File, Format Version 12.00
# Visual Studio 15
Project("{FAE04EC0-301F-11D3-BF4B-00C04F79EFBC}") = "Dawa.Service", "Dawa.Service.csproj", "{F4A83909-AE63-40D5-BEB3-044EC941D181}"
EndProject
Project("{FAE04EC0-301F-11D3-BF4B-00C04F79EFBC}") = "Dawa.Tests", "..\Dawa\Dawa.Tests\Dawa.Tests.csproj", "{0D5B6005-A93E-4D02-8680-A8E340E9DCEC}"
EndProject
Global
	GlobalSection(SolutionConfigurationPlatforms) = preSolution
		Debug|Any CPU = Debug|Any CPU
		Release|Any CPU = Release|Any CPU
	EndGlobalSection
	GlobalSection(ProjectConfigurationPlatforms) = postSolution
		{F4A83909-AE63-40D5-BEB3-044EC941D181}.Debug|Any CPU.ActiveCfg = Debug|Any CPU
		{F4A83909-AE63-40D5-BEB3-044EC941D181}.Debug|Any CPU.Build.0 = Debug|Any CPU
		{F4A83909-AE63-40D5-BEB3-044EC941D181}.Release|Any CPU.ActiveCfg = Release|Any CPU
		{F4A83909-AE63-40D5-BEB3-044EC941D181}.Release|Any CPU.Build.0 = Release|Any CPU
		{0D5B6005-A93E-4D02-8680-A8E340E9DCEC}.Debug|Any CPU.ActiveCfg = Debug|Any CPU
		{0D5B6005-A93E-4D02-8680-A8E340E9DCEC}.Debug|Any CPU.Build.0 = Debug|Any CPU
		{0D5B6005-A93E-4D02-8680-A8E340E9DCEC}.Release|Any CPU.ActiveCfg = Release|Any CPU
		{0D5B6005-A93E-4D02-8680-A8E340E9DCEC}.Release|Any CPU.Build.0 = Release|Any CPU
	EndGlobalSection
EndGlobal
